{
  "meteor": {},
  "dependencies": {
    "basePackages": {
      "moment": {},
      "reactive-coffee": {}
    },
    "packages": {
      "moment": {
        "git": "https://github.com/acreeger/meteor-moment.git",
        "tag": "v2.2.1",
        "commit": "9ee12e714afe56b189f53076447b7b54f3012065"
      },
      "reactive-coffee": {
        "git": "https://github.com/zhouzhuojie/meteor-reactive-coffee.git",
        "tag": "v0.0.3",
        "commit": "c9df4eab0a2cbe065f008d3c269cf8fb879d35fb"
      }
    }
  }
}
