{
  "meteor": {},
  "dependencies": {
    "basePackages": {
      "moment": {},
      "reactive-coffee": {}
    },
    "packages": {
      "moment": {
        "git": "https://github.com/acreeger/meteor-moment.git",
        "tag": "v2.6.0",
        "commit": "26156df681750fd6e6ed77043eef32b6653ebbdf"
      },
      "reactive-coffee": {
        "git": "https://github.com/zhouzhuojie/meteor-reactive-coffee.git",
        "tag": "v0.0.5",
        "commit": "e9381176dca17e6766ed888d1709231fcf733d39"
      }
    }
  }
}
